# This file was autogenerated by uv via the following command:
#    uv export --frozen --extra collectors --no-emit-project --format requirements-txt -o requirements.lock
anyio==4.15.1 \
    --hash=sha256:6152fdbbf9a77fdec97731721bebf7c4c44f7c29b424b0065826173efc7ed101 \
    --hash=sha256:9f28306018cbd6d329e64a36d58256edff76dd996fe423bc957326e578b82a94
    # via httpx
beautifulsoup4==4.14.3 \
    --hash=sha256:0918bfe44902e6ad8d57732ba310582e98da931428d231a5ecb9e7c703a735bb \
    --hash=sha256:6292b1c5186d356bba669ef9f7f051757099565ad9ada5dd630bd9de5fa7fb86
    # via ai-topics-pi
certifi==2026.7.22 \
    --hash=sha256:62f22742b58a1a33014a2b6b706588a8d7e2a88ae7bd1a6ebe8c992928483775 \
    --hash=sha256:741e2c3b351ddf169a738da9f2c048608ff7f2c5cc02f1ebc6b118bb090d5d55
    # via
    #   httpcore
    #   httpx
    #   requests
chardet==7.6.0 \
    --hash=sha256:089e3bb81a0a07e94f15461ded9f9ee66d349615b1a9fd557d4de1003e2fc12e \
    --hash=sha256:0bdb6f03107b7ace3f44e0edd91aa24456ee558787df265cc19daf45785b31c7 \
    --hash=sha256:0c44a32da32cc8b23d6b20d98ace15ec7600950e4955d1bf5ab1f849b0187fdb \
    --hash=sha256:0f304de7041afaec0195ad6464937cd112392002e9d72ed15d55f20a9abd3a13 \
    --hash=sha256:167d7ba3ee08b654e36d7b43ebd9a36606c9a12e2fabdb361757a095ca3b7e3d \
    --hash=sha256:19fea52164e6e00f2a21ed418f42e4b0162a09199274c86d07ad3efd661317c4 \
    --hash=sha256:249993b88ac7a58cad2781acea8f379152a28a719c9b401d614898c63a8c83da \
    --hash=sha256:271ab71ec1be61dbbce0436de0848895c03eae051c379e937a39573d9ce403d9 \
    --hash=sha256:2b5d31f9b7f793e15e81cca877e7ccd72bffffa2a3443a9d47be9dfee84fad69 \
    --hash=sha256:2cf0adaca8b1c4bacfade9d0a1e4f8f70b1bb122833d6f07ab90e3adc84eb13a \
    --hash=sha256:406936df1328a3284fef366eaa2bfd1cccd0ef1b10cb99781dd5b022ea644b84 \
    --hash=sha256:4076d795897ce45239825956a1334e134322ecc4bfe84dbb12acd5390de0fbc1 \
    --hash=sha256:43ea433e43a23c55e8e17f3fad1e07f5cfe5450c73124b95b0d849c21ad379ee \
    --hash=sha256:459e2b1c98f9a86a4698112aa42dffa802bbbff883c1ff144071f87224125862 \
    --hash=sha256:57e6846cc13ce1ff59979f4ec9da770c57e12aa99046073f632de5a51d9a6f20 \
    --hash=sha256:61238d5945b36af9a2ad13494f8969b7deb3c3b4abe223e54670c064e73f5328 \
    --hash=sha256:75d6c3a4d2046d49e83d2d2206eb073a1f390743e856d90c1bbc19949b26acf4 \
    --hash=sha256:7bbc8a9652c7f859c593847f220c1d264f25749369abb1a267b404ee8cceb209 \
    --hash=sha256:83512a475a2f3886166aa0bca1bbb39343a4eb3186dd5532127d6f2591d09118 \
    --hash=sha256:8900f6c7cf6b015b17a51767cc6144689059ba1cdceaa383d29eb037ac28579e \
    --hash=sha256:93d9df6089ded42ed1fe9f57e272c0b74bd0464d45c0c7d50f09f26f31105c3c \
    --hash=sha256:a12023d48d0e207791c01161d03cb3c0d85c6a15f345eb9d3d56063a63d1e40f \
    --hash=sha256:a4f0a368ad04d5def08bdfaa17c7e15e71552f93923dc2aa9b2f7d9dee02fbb6 \
    --hash=sha256:b3b4c96c4df93899b3c8b9e8159e06b1f55c66d7ca384d91481108e251a06eb0 \
    --hash=sha256:b73f277c1ac09c4f8076c4214b816c7aa78a0a2f0cb7156742f4303f856bedc3 \
    --hash=sha256:c54b6a8d3b219560fa5cf4c28df932c37471afe047afdc152067104e741f38c1 \
    --hash=sha256:c6061adf247ab5dda173b67010e13904c6071717660c7c8077fb50aca362b264 \
    --hash=sha256:cedbc584789eb2edfde20fd03669972a833ce6019e60014ae613f9bfc440e8e3 \
    --hash=sha256:cf6d08c2373b7772a558d141f9e8cee53fe1d222341bac612e4d558b04995f73 \
    --hash=sha256:d5dc835e40e0e09c2c3eab43731a8b5127834f42786dda09ba2f4b699ccd527a \
    --hash=sha256:da86fc1b40ff5996fbb5e4c2d2dca770eac2c893cef157dacc050b8b4d929846 \
    --hash=sha256:f14f46ef1977e41ce1f4814ca6984cea7f8b6baf8cbc6626ef7bf3d13cf7ea13 \
    --hash=sha256:f2ec3c78cc6b54bf8e091ec4ee885473078b5d7ef18ab1b01c86ae1e98bf88f7 \
    --hash=sha256:fc1e1571321baf8927582fe34363ad7f02279f11c8c2839c14b4c76894148db6
    # via readability-lxml
charset-normalizer==3.5.2 \
    --hash=sha256:01077390b03f7988f11d700a2194e69b119741a86b1a638b1db88891e3eced8e \
    --hash=sha256:01b0c0d2262a9e28e8484a278c7e1b5d650e3ac8cf2683d2967e25899f208bdf \
    --hash=sha256:04851f73ae72b8413dddadb16a49dfee95263553741fd42d546f7d66907e6be5 \
    --hash=sha256:0521c5665880b33d603717defa76c094048900010897909952397feb3039da56 \
    --hash=sha256:0774bf9bf620249fee3e0b8b9fd3065de213be30f3aa94ce2494b3b638949e26 \
    --hash=sha256:0c951d5e6dd9c2ff60609476752bee49da4206adde960ebc247766937f72e718 \
    --hash=sha256:0fed1d06615f022ee3b13caf5e8b180cfea32bb2c5aded8a9d44277afc040f93 \
    --hash=sha256:11912e4bb14baae7c5d8791aa55ba0a3a03ec6729073307b0f57270abaa713d3 \
    --hash=sha256:11a4d68a6ecda3292cb1e50239e111543ba5d709bb62a6b4ea1afcfa729d8875 \
    --hash=sha256:124fbf1a8ff966d87ae05bb8bd45a71f966055ed8bba320d0c7cf450bc5f4d0e \
    --hash=sha256:1503bccbeb36d5527790c3930327704c39af22de3112f1b1666a9f3ce15ee204 \
    --hash=sha256:15c44f7edfd477b06f517a5cc317fc1707edb9de2c865f43d4b6513907473234 \
    --hash=sha256:16fa0eccf81304b79c5cd87f9271c3b85dd9dd99245e4422ae9c0dd45e0f99d3 \
    --hash=sha256:183b88127acdb4fabe59d951ab424faf1af7b63cdbb5f776186c1ea2ffcaed98 \
    --hash=sha256:1afb975bd5d68d5ce9f6b6d44fdf2f7e34b895a35e95708a7a91b20a3b51d187 \
    --hash=sha256:1b4cbc7c3491ccb4aa17fcd8165649d01cf39f76de1696da8631b5f71b85401d \
    --hash=sha256:1bc0baf5ef96b6ede57d47f4b8fe4d9d84019c3bfcbeb20a41edc6a6ee341f1f \
    --hash=sha256:1c50fe28bbc2ced33386f298650d91218076c05420e6cbd790b913adc41659e7 \
    --hash=sha256:1db38f4c5496827c1a501846d64d14c3b80c7e6714e406cd7dc36a9899fa1011 \
    --hash=sha256:23851fb4e1b85ed3f6c2a27b777cdfe2e19fb5b38429a8faf38c7542b7665869 \
    --hash=sha256:281cb91036248400f4cc957495cccd44c275c2e0c5854f7e45ac5cf7dc193847 \
    --hash=sha256:28b4f0d66fb834ff90f28209ac7bce77868c45d8c93e26f906709d9b7c2e1af9 \
    --hash=sha256:2a925889534b3748302dae5dead07cc13480de1dac3aea80a941b729b471ef93 \
    --hash=sha256:2b7b3bbfb4fe8ef40600792d762fbaa9057559f9d3fad209525b7a22b99e91fd \
    --hash=sha256:2c9ad19a6cfcd5ea5c0d41161d22f9df1dcc277e9bef2751391334546a314c00 \
    --hash=sha256:2ce45c6627b22c47e390bc91a41c3d13032192e699fa0bea96e9671b373d69b0 \
    --hash=sha256:2e06a3a98f916dd41d27f3105e02e7a40181c98c94b9158733d03a6f80506c09 \
    --hash=sha256:304d8e4d493af723536393eee0c689eb7813f4a474c8b479dee63f1fdd98f621 \
    --hash=sha256:31f3930700408d211f13378ccbe1c40845d8da54bd0681fac3a9b5aae81c7aa8 \
    --hash=sha256:34276fd796040bf0993ab33a369aa572e6979c7aab225a88893667ad8eac8f7a \
    --hash=sha256:355ad8011081dec5412240c087a9a0c9d4d5039f3ed11a3f13e18c2b29b56c51 \
    --hash=sha256:38a873987f3be698494da8b2e3085e29da02da7b633dce73e79c699a113d7bf0 \
    --hash=sha256:39de2a259fc954455c57274dc94c79d5842774e1247a016aff30bc0efed0f4ef \
    --hash=sha256:3d31298449090ab8d47b7b1b2a555ff73cac7ed438a08b7ac160980c7ebed649 \
    --hash=sha256:3df041de8887954562c9b261cba85ca0e9ded74048daf125f45edcfaa4832229 \
    --hash=sha256:40ab6bffa02ae10a0581e6c198be7d2d8ca5c2a0c64e4ed3465d766df457573e \
    --hash=sha256:4275811936e2f06feff5e598fb42a1b7ae852da8e39605211892b56b81a34efd \
    --hash=sha256:443eae2bf318abeaf6f15d785138f71fd6de770e99a92158b8b814265e079115 \
    --hash=sha256:498dc3188ca05a68231ac3fdbfc7f57eb67e1343c30e0fea17f8218c1599b253 \
    --hash=sha256:4c2b5031f63e331e3839b40aed2dd6f191e9c07edbde303e7876846ea1946995 \
    --hash=sha256:4d48f2d08b9de5864e2c8744d4461b862fb149a18274abc8b698c45975573438 \
    --hash=sha256:4f87960d57feabfb618e4e0af6e7371645fa26a277860739d6e5d6e0012c92f0 \
    --hash=sha256:51cf45226a9b588d0d2b4880c62d686934b63ab0bd79ca23ab0e9762eb27441b \
    --hash=sha256:52aa6992700996af31f375de0c6bacd402b0097fe40b53c426b9f51a90ebabc7 \
    --hash=sha256:56bc200a365efb37383b7852e4cc5898d3b2da5987289b543956cf8cad71018a \
    --hash=sha256:58ca3755ee7ff7f59b57789ec9833c9de9ea275405cdd240eda1f193112e398a \
    --hash=sha256:58f361dcbab699cf8f42db3f47c8e7fd1036f138c23a5d08de9fde5f425a730c \
    --hash=sha256:598a11a2c7ebaa5334bf698bf29568c9c390abac6a154d8170fedecd1cea38c5 \
    --hash=sha256:5cde776b7cc66e4f6c99612cea4aa7269aa65863f7a15841b2c264f103822f4e \
    --hash=sha256:5e2b6b57e9733d39f0c9fd3185efa6b8e29652c4cd8fe94180272cf6ed9a78c4 \
    --hash=sha256:5fb29fb8cd1a46c27a1bf9613ad5ec2599310d46b4025d9556404a6b6a292800 \
    --hash=sha256:6045373d5a89a5ec71afde535db987ca28e76dfa276c2d4c818265b375d4b055 \
    --hash=sha256:62603db9a7caa0802eaa28c1c46fecd7b3a263a774069c24c3c28c302448721c \
    --hash=sha256:65cd72beeeca9d3aaea1201e5923859f308f952f9c71de93f06063c79f0f7a3b \
    --hash=sha256:6bd128f206a7752ae1f2ab6c61bf8a24ba28913a10df8b14c2637b973ff97a80 \
    --hash=sha256:6be488a102b8cf28d0391d8c4ba7748938ae28b78ad901f8585520fca33ead1a \
    --hash=sha256:7218e8f32b0956cfcd048fd42d9d5779809745ca1d86113ca56f66e7ae1549c4 \
    --hash=sha256:7441d755b7ab94f8d4eb3e43ec05482d760842fd263d003a99102d742cd835e2 \
    --hash=sha256:749e97e1b32313717a565abbe321bc2190bc8b35f1a67e4cdbc7c56c8d8ffe58 \
    --hash=sha256:780fbe7cab297b81dad9fb8dc5eb003c0468ffb0d9e5f65068c53a34661a96bc \
    --hash=sha256:78456a747de8dc58360ffa581f30a002baf5aa28cb262536545e91f113ed7639 \
    --hash=sha256:7967d08cf06dee78443b874f98c98036f624f3a4e73e11f9f64f5be4d25393cf \
    --hash=sha256:7a881931aa470808df94a8c380eed2bbbc76cd9dc622310f99665658c821eb6d \
    --hash=sha256:7dcd882da75ef9adf94903b1e3b9419e8aa8fb4c7396822b834b9ef7fb96954f \
    --hash=sha256:7e841fb9010836c992c9f12fcbd43a831de93a5f726fc1ccd8ca1d0268c5014c \
    --hash=sha256:7fdde2c9fd9e3eca40631e024664cf2584272cc8f96308cbe5fdfc930f51d8bc \
    --hash=sha256:8024d00c3faf3fc0c16e07a69f4405e8eac7cc0ab15f65fe6cf43827c4cf72b4 \
    --hash=sha256:80d02b6f04e92601a081dd97b23d3128033098bff5d35d392ddcc0476ea11253 \
    --hash=sha256:838dcc90063569a0448120554591a1d6c4a4ffe11babf048908793154ab86ade \
    --hash=sha256:849df64e889b2e17230d58410a03dba311a65b163508fd33679b2b737d4b7858 \
    --hash=sha256:87475fabc8d9996fd9c27debb395e642e8c838d78a00b6e932227a0e06b81e26 \
    --hash=sha256:89b53f3cda69831909888e0494f4fa0bcd3537e3e138dabeb620bd6ad946bae8 \
    --hash=sha256:8d86d6fc60743dc916eb79e2eb1ec4818e21e427731543af40a3021851174a13 \
    --hash=sha256:915563965d418f986e7e145accc592eae9e1a1be3566ff98a05d7a9ec42a76e1 \
    --hash=sha256:92888bb3187c5ba50500b00b3b310c9f2c651709d28036077680cb5255450a03 \
    --hash=sha256:9409a8bf35cf78353942504b24a57de3d75b708997a1e4bd8db71ac8633ce364 \
    --hash=sha256:9b7f416ff0978e2f2249330527f0ad6fa02f4932e6199692d3b52da2048c19e4 \
    --hash=sha256:9cae88599c7219005d879f98e5ed53341e9a122af585e1091200358a3003d2a0 \
    --hash=sha256:9f56f72050826f63dcee7a7f55b0a77168cb3bfc553fd405e7f8f9ece75a4036 \
    --hash=sha256:a090bb2c68df85450502e3e20d665e3a5af9c65a84d6508ed477badd49166fd3 \
    --hash=sha256:a192e2c40070d92c3ccf777e3a5c4ff515573cd2bb7ed0c537fdadbbec5bbf21 \
    --hash=sha256:a19a731138fc27d5682277d3b9df22855cea1239bce7fcec5f78f42ef2d1f3c3 \
    --hash=sha256:a66c3bc5ab1f0ff2164fc9965ddd611ff0802173f4b9d24554c563f6ab7e1d6e \
    --hash=sha256:a815775b6c38d4e0ff7bcffbeba67feded90202bb6a226b8dd35f1c855217413 \
    --hash=sha256:a89012d6d5476ee112d20d998570ed58df2260a852afb1758809cd6900411d21 \
    --hash=sha256:ae4f5fea5b8b8ccff88238cc8569303e5ee95efae67fa62922a311397a71f346 \
    --hash=sha256:b6856554c4f44d79fc2307d5768854310a8f0096e501c75637542c82292b0429 \
    --hash=sha256:b6b751274acb69d77b3323d6b7dbaa3c7fdfc1eb829b7eb61d262f32e1af9685 \
    --hash=sha256:b7fd005a73d9e657273b7a10dc71a9e03c8fb9ee6999798d6918ce095b81ac7f \
    --hash=sha256:b91363207bd9dc966a691e959bb47f64b30f7ac4b072be9968b366982f7db77c \
    --hash=sha256:ba0b1d2620edf869789c3879223f52bf2afc5d31b3cb47cc57b3a12c05e2aa9d \
    --hash=sha256:bbbfc8e28816f19d7c0f1816664980c0a9875d01b27cdf8eedddb639d9e108ad \
    --hash=sha256:c0afc6800ba57ccc350374c5bd6150419915d95ce93cdbab2d783d75eaf30ecb \
    --hash=sha256:c7c9ab723cde841fefb34efbad91e87f00a674b1fe1cd0784fde742bf2c154dc \
    --hash=sha256:c8f3d67aeaf55f017982b73683f0e7342ba2f6635a78f69ce89ebb26aa411e5c \
    --hash=sha256:ca403d7e4798f525fdfc78e258820419cbbd0f0ecbab9de7840e3c017cf6b8cf \
    --hash=sha256:d008d90a7f2471519aef0c90dfbe73b3e6e4d5e66ac48e19154c17e89e98b604 \
    --hash=sha256:d19fbd981a488e22cd04883659ca6b08f50b5974f9fd7c95655ef6a043e5893f \
    --hash=sha256:d1befeed746d247c81127bb14de9dc3d30edb6e5976d34f83f86ed262b1d9105 \
    --hash=sha256:d2374b62878abb00cd8309b32af6c0b715cd02dec0ca74ef12e5069bdc64144a \
    --hash=sha256:d376bbd28b3a8999db1a103b3b388aee6f1ddeb3e51bc2172993efdcd86e064d \
    --hash=sha256:d6734d2ef8a50fbf8445c139477da401f50d62a0606bf00e20ec6d87773fefb1 \
    --hash=sha256:db19d07e2e0129e974a0e65d0064fc222a446cd5122c2fd4184d2af9fc734a9e \
    --hash=sha256:dca9ab98072a5a54ebacebdc45f53e645336b320c667410b061be1ca588ae709 \
    --hash=sha256:ddc7dacc8ece3a182e7f15cb862d1fd616b46d076cb1ae9dd232b2c38b655874 \
    --hash=sha256:def79fa35ef0cef8d2accec024f4fdc7ead3012ff02f5215c783f39f03ef8cfc \
    --hash=sha256:df29a0a7107f7011e77f4eebdddec4c7331e24d787a0b21a46d63bdf7445da95 \
    --hash=sha256:e09a3942ecbdee5cce73ea9d42da82b81b72ac1bf031ce069b93b5adf4eac8cd \
    --hash=sha256:e242bb1c5e76e97dfa9e7f209a71e93a01d7f19ffdd5cfbb2e2d55b4f08f8ab0 \
    --hash=sha256:e243bd13217235fc7290c621941c3f5cc8b66e4872495be821d7436ba2fb838d \
    --hash=sha256:e2af3aad578aa6bd1384bcf4750fc285e5a9de53f40b7d41e5a0bf748edeb2b3 \
    --hash=sha256:e4e81e09c1578b8df602e3db08b0b3ea0a6947ad612f52bf8dc5ea8d47691f0c \
    --hash=sha256:e54da4baf05720032d527874d40b65fa4d7e5c6c6a43d0c3adbeffcaf275a2b3 \
    --hash=sha256:ed2a239c0ea213acc1908150a3037257083c7c083128f1a4cec2ec4b97dca491 \
    --hash=sha256:ed905975ab14056a2e5eb1c376cb2e1ebc5396baf84163939c518556fccde9f5 \
    --hash=sha256:ee21e28f0430bd6dc9086c6e525d5e818a44a5ad19720c8a0ef766792f3eb5e5 \
    --hash=sha256:ee43c17b173d46a3212baa6ead3ae258eeabdae48c263a01ccf0218c366dd655 \
    --hash=sha256:eff0ac9dbe711a4aee69bf04a83896aa9b85f19641264053a9f6d48573abb7dd \
    --hash=sha256:f0aa869112ef88429ae17820d99c3dd9504c9e9c671d3c246f3d7442cb051084 \
    --hash=sha256:f3c96f633825733f735c5a9cf21d21a257d8e1edf0b1cee0a064b9c424ca0f7d \
    --hash=sha256:f5ec61164adcec446f8969a3358ec3f9b26bbda3b9213e5586d219afa8df2915 \
    --hash=sha256:f7d486c83842422badd511868fd8a9a20e9407ace71564b6af47ce7e60a336c1 \
    --hash=sha256:fcff63213e8e6e47770541a4607175404f47cbb3ebea7b6058cc82d524a0e424 \
    --hash=sha256:fe9753dfee015c570d73df76f899f18444d41388bffcde097deba51c4fadbb9f
    # via requests
cssselect==1.5.0 \
    --hash=sha256:1d1aded98e82bdde447ded990a191fd6916177c4f0c914fb62eccd58e2ffcdcc \
    --hash=sha256:3cbe82dd7acbee9ba9e5723b5f9e4749826912f1fb31cd7f92aabed5fde15b15
    # via readability-lxml
h11==0.16.0 \
    --hash=sha256:4e35b956cf45792e4caa5885e69fba00bdbc6ffafbfa020300e549b208ee5ff1 \
    --hash=sha256:63cf8bbe7522de3bf65932fda1d9c2772064ffb3dae62d55932da54b31cb6c86
    # via httpcore
httpcore==1.0.9 \
    --hash=sha256:2d400746a40668fc9dec9810239072b40b4484b640a8c38fd654a024c7a1bf55 \
    --hash=sha256:6e34463af53fd2ab5d807f399a9b45ea31c3dfa2276f15a2c3f00afff6e176e8
    # via httpx
httpx==0.28.1 \
    --hash=sha256:75e98c5f16b0f35b567856f597f06ff2270a374470a5c2392242528e3e3e42fc \
    --hash=sha256:d909fcccc110f8c7faf814ca82a9a4d816bc5a6dbfea25d6591d6985b8ba59ad
    # via ai-topics-pi
idna==3.20 \
    --hash=sha256:a7db850025b95ded1eae8a46181a1a6c56c92c96f0e2b005d9ff8dc0210cab44 \
    --hash=sha256:ab7ae7122974553370f0bdb919e1a960b2cd1bc1ef0276416d896db81c14582c
    # via
    #   anyio
    #   httpx
    #   requests
lxml==6.1.3 \
    --hash=sha256:0bf5a3e397df2ec4258eb5eea4c1ac6cf013ca1abd04a176903bff20a70021fe \
    --hash=sha256:0c0710ac085a157b593c38fbcacd950f15c4afa8e2057527185875ab302752bc \
    --hash=sha256:0dee106e9aa97fb00541b1ed7827070564d0549c3d3fba8920e6b20fd980f748 \
    --hash=sha256:13d22c0d57355366b393936acf6b98a5e0edeadddd3fccbc6a846c50a76b8741 \
    --hash=sha256:160fcf381f76c3aeac28a756bec44f48942a8f7245a87aa28e3a523b4d90cd87 \
    --hash=sha256:1a635e837b50a1819bebfedaac5916498ea024120969da8790500148fb0a894d \
    --hash=sha256:1aeca87830c4fe649dcf93fe2b059525b71c72587f21be4ae4af7103082a79fa \
    --hash=sha256:1b7c37339d7e75cab9a123a04248e243cefefb302ad6db566ea0c77cbcde421e \
    --hash=sha256:1beb0f9909b26cee938df9ba56b15252a84429b1fc30ce6fca161390b9789a70 \
    --hash=sha256:209c3ccbfe35a04ac6d24f0611f9d1cbf8025d49991b14acd935236234d6c156 \
    --hash=sha256:21402998e4b78e7cce237d2788841aaa21ac9a4d1574d04dc2d12ee41ae807b5 \
    --hash=sha256:2221e88679d1351e9a40aaee54bc65679b9795bbd0160bc3d5e36b163344eb75 \
    --hash=sha256:25f4118c438f96bb466e83108506d03d5c31b1bd2387e83e5b070bda6ded9c37 \
    --hash=sha256:28a23fefdb345b2d4d0ff2860571b5ff9a89a28b6a120f720e8fb0324d346626 \
    --hash=sha256:290f66b97ede0e552e1cb44a0fd8a74f9753ee635b50830a0b122fb72788d015 \
    --hash=sha256:2bec13085dc8ef48a3fe62f7dfcacfeda2c785cdf19cc8eeda2bb9ed081da165 \
    --hash=sha256:2cae5d5c90a62d9139c512a0cb1aad1d182b022b5740daea2617eb5bf7fc658e \
    --hash=sha256:2e01125896585139453cab8cb235893644d8815d7509520da95ae3ee8d1c1f79 \
    --hash=sha256:2e62c569ec7531b679b184cbfe335c501c1d13c4b363560013019962eb630e6d \
    --hash=sha256:2f5b2a2b9811b853b39bfa41367c6d78747b8e3e80e07fc5a24aae295c1a4d7d \
    --hash=sha256:32a409be3190b088f960ac92bfedfbef2f86c49ff940765e1548177592d20026 \
    --hash=sha256:33cadd956b667997e4de1635fce9541f2e8ede2038fcde8cf55aa14d571d1bad \
    --hash=sha256:379f8a75cf6eb7eef0af074b55f49ab73b868388a98de14646abcdfa4564bb11 \
    --hash=sha256:38fc4e4e4e084e0bd491949482527d406788045c546d4f8789e93fc527b91385 \
    --hash=sha256:3a27ac6c780c8b8a1cd231b58407634cafc1c4cc28cd6c7141362df0f36351e7 \
    --hash=sha256:3a48093cdb058a93af842ede9703520e810b05dcd0fc6d7190a06376c3bfb6bd \
    --hash=sha256:3e42265103fb385d8642a78672edf376c6f7e1d3598a7a4f9cb1278f2f6b5f6f \
    --hash=sha256:3e9a00d1c2c30936f7add097c41afc5da6556c580909104aafd382cac92a855c \
    --hash=sha256:40983eabefd13da003e68170928c7acc011f0d095eefce5871a3c71c9385fb9a \
    --hash=sha256:42632b4024ab24a6b488f559ac851312509888b6b80ae2aa11cf29a646a0d245 \
    --hash=sha256:45222d94ddd511536f3b2f7d9deae3b2339b4ce0f075f1ca25703b07cad9dd21 \
    --hash=sha256:48542c9acba9ff9450bd18d871d2c2c8787fdb283572b623d206f1b927cd7d9e \
    --hash=sha256:4f4db7c7e954d289d71878938348b3d91b904a3e8210a11939359fb758a58e7d \
    --hash=sha256:53258656846f5c48996b882fb4b135885e088a3ad3d96b4bc0530f95124d1f69 \
    --hash=sha256:545ccc14fb05485f48b4439ec35beb16d5b5280eb6c81c658bd4707a2a119414 \
    --hash=sha256:5609efdb0d3c95499c00046bc53648b3482ec2175b5503d6e611b3f0555dc71d \
    --hash=sha256:5a143e6207579de8baeded4eaac9134413200359f1969d636f0bfb98ee8c3c8f \
    --hash=sha256:5a721a98c649855963811b59b55755b30566e7f7fc40bdc9803d66dee9f811cf \
    --hash=sha256:5cffe18571ccc51d742cd08cbb3f8b756de9311d18c7ea98f5d92f37b8fb60c2 \
    --hash=sha256:5d582042c69857c364e8153de6e18e0da9b7b515a6a8113caf69a6ec8e0520f2 \
    --hash=sha256:611a51e61c92f62345a50b0035df6fc0d678f9299f33728826d831598862f59d \
    --hash=sha256:623c8799c17128753c65699f1c3aa32402657393a9ad6db09ed8b98ddf76611d \
    --hash=sha256:66299564c046bc7e0cc5de5106601eae907e9fa5904cd68a323380a8502f7861 \
    --hash=sha256:69cafd61aea04ebb3502c93c2aaa568b12931ca0802231e0b5de76bf8b6e74bd \
    --hash=sha256:6a406d0b3cb207b0fa460ed4dc93e866f44f105da0169361cb18ff998a44c7f0 \
    --hash=sha256:6cd11e7550d89e551a87dcec30f04b1fca32e86b68708aa01a4daa455d8605e5 \
    --hash=sha256:6ea2f13dce778ca072ccee598bca46a092ce192e8fd907b6c1f0e52c800529a0 \
    --hash=sha256:73fc05988ed20809450474ba760a87c8ad4e455fc09783c02195e56ec634b41a \
    --hash=sha256:75cc6569e86be5785b6188ef1642670c6adbc984e81ec35e224842ecd9eefcc8 \
    --hash=sha256:7d0f5976aa2701996f759b30172925829867547bb073af0ae67d1307a0f0262c \
    --hash=sha256:83e3a51e7933db700a0da0db31849db3a24022d9970da9bb73001e1d0326fd92 \
    --hash=sha256:887c021d9a977cff89cb273047c1352997b772a8908a25c21836861f69b92be1 \
    --hash=sha256:88e719b9437f148f7e1465df845c758dd1598618cbea3a2fd1e61a715542f2b2 \
    --hash=sha256:8a330c0ee5fa318c7b5cbbaad882baeca3f570357e7eb25ab34bf31008150758 \
    --hash=sha256:8db38ff3fb7aee7d6a82ae4da2eef1178656fe1216841fbd24870062a9d60473 \
    --hash=sha256:8e49a646acfab83c68974f4aa1d0a2acca9e88d7d627ae0fc13201b14b76d310 \
    --hash=sha256:909f4e927bb051f7740d6367285fc60cdcfdaf0258c2dba4ff5ba7eadadc250c \
    --hash=sha256:90f709b9accab6b2e4d14f5c8718203877a0486bcb3afd74d8b539ecd1e961d4 \
    --hash=sha256:93476b6514b373fc6ca67d26c442784f7807c86f00635bfe79f935c3eab2af17 \
    --hash=sha256:97ce49699d87ebf8aad631b55d65b33219a4f1bfefbbf5bff19dc9af160aeaf9 \
    --hash=sha256:9bde9ae026a55b9a192078dfa6e27dd0ca4a050171ab6272e92f97b757dfdf48 \
    --hash=sha256:9efe56a68179f3adc4de41861c9358931db03837c48dd5e1c78077b84dd07f3a \
    --hash=sha256:a1932d7ce78a561367512c594fe66eac2b2ec9b9264cfd9b5f950622f4a116e2 \
    --hash=sha256:a1cec0f99b9b914d39176347a93b7610dc09324491aee1cbc57cd291a41a1d55 \
    --hash=sha256:a43b3bdf11e477dc7770609d3477316f974354dfc8425d596f64f471cc8daf6e \
    --hash=sha256:a5c18810318303ce9afb3f95e2ddb54834f96fa699a8600433fd5a93dcf44c56 \
    --hash=sha256:a7eb78ba28b187e1e9203a55c60fcf70df2d22cb205fe6d51b9383d6097419f0 \
    --hash=sha256:aa633613ff907ea91b9b0489a1f0da1b8725d8c6ccec6b77e8a1c9c235044bb0 \
    --hash=sha256:ace1d2c83b2bd24db5940600541140e87a325e119cb32d5fa9ad720d7e76648e \
    --hash=sha256:b1cc980905221a5d8b3c476330730b3adb40ff80add71ffbdb6215ba055656f1 \
    --hash=sha256:b37772102d44bb6628186accca3a121b1fa3a6b3d97518a8c29a5229ca4c0d0a \
    --hash=sha256:b3ff39654f0ce6ebd4db154211136dbe7e8157bcc3bed2344c87f32c7c6ecb6c \
    --hash=sha256:b477912f42c5c33405a10c759d22f80cf5af043ae02d95b9d8e5e5bc555739ed \
    --hash=sha256:b49638355ea3bebba70da783ccbc630fd72afa16bc46c54474bfa1f9a915bbc6 \
    --hash=sha256:b4fc6b03b9d9d90557274f571ab30e7fbbfc527955536935d96f98b6817a86e4 \
    --hash=sha256:c55e71a9b1db1f107efb60da49c093689b74c5c31a708e5379e2fd9439d4fbb5 \
    --hash=sha256:c581b1d68b3845fb86c6b2983e755b29bf001461c59fa411d2c26a911b6559a9 \
    --hash=sha256:c59e4265608da6a041f54646ecc0c9ecdbb19aaf14c4c684bb6c2114998cc415 \
    --hash=sha256:c5e7ce578aa8a80910a72a8ca0bbea3baae10100827249001999726a788456d8 \
    --hash=sha256:c6c0c13128a32eb04a51357e56a094e13aa8e6d3d1884de2e9ae923f6915e1a8 \
    --hash=sha256:c9389b3784b56c58d933b5e0aecdf28f901b073ff385358d8a7d40907f6e14b2 \
    --hash=sha256:ca0ec532ad2f5ba1e5ec120ac157769c57f01855b3d8bf37213f5d88abd9ba0a \
    --hash=sha256:cad7617727a96d189bd6f979d0fadf765198c7934e85f4edaba9bf3ad919a300 \
    --hash=sha256:cae82b5ca24b0c2beedb269f6e2a96f466acd926879ab00ae19f1a65cbf9ffb0 \
    --hash=sha256:cfb398886a7eb4c719161c3efcff2a1248febc53a4d8e5072d2d8a87fed84ac9 \
    --hash=sha256:d0c5c362bc94f1929dc7e96e715bbe7bd17037f802e6d8f0d1545df9133c0559 \
    --hash=sha256:d85dfab42dd672f87a7f76e9de7172962aee69fa12044f0d6e1a23cbd53fb80e \
    --hash=sha256:d97c5227621af74b111882a290b10f371780a38eef9d9e730408fba2259b52fb \
    --hash=sha256:d9b3e7d71bf6acff341233417abbdface29c647e3113892d9aaedc02eb4aa2bc \
    --hash=sha256:da707f14ea3c35ee463d50acd596d6488e4b2b4ae7cf77a5bf93f55c023d63e8 \
    --hash=sha256:dc205732d593118cf701d986f40e9de7801bb2e371cb189ddbda9b7348f4d97e \
    --hash=sha256:dc3a44689eea43eab836e5c98a8ab015dc2419987d1ea6eafc7c590cdff86bed \
    --hash=sha256:dd5e90f34cffcfed97f36cf066325773d2b6021c60c29942e53a18b028501b1d \
    --hash=sha256:ddcf547bea2aee967d6a77779376a45e77e610e8465147a1f3d7e20d539d6e32 \
    --hash=sha256:e477aca0bc0d19f3b4ae9e4f2a1cfd687c31bf772d78734910658186b40b2477 \
    --hash=sha256:e8b17e23df3e827a69d25af70990ca2420e92668aaffaeeb3cd2351d7916a023 \
    --hash=sha256:e99e09ab7741f1281e2677f4c0058c7f5267d182530b09c87e4f6aa26adf3887 \
    --hash=sha256:ea6b1e9105b4b24a34c722432d9fb578f9ed83af21fa1abda639011e0f22bbb6 \
    --hash=sha256:ebd054ad1737a68fb7c5c073d405cef2b88bb824e294de3b4a4e995b47f0e376 \
    --hash=sha256:f683dc6300317700025e41d89a43e0276692ded16113a3c43eab704d605c58e5 \
    --hash=sha256:f6b9d2aad499c769ee8287609ab0e6de99d8bcea99c6e6c2e64945259fd52fb2 \
    --hash=sha256:fad67b12ffe0f71e02b4932b04883cbc76a9072bbd30731409d3523cf058b011 \
    --hash=sha256:febd35ef45f603c2d74b74655efdbf45e14f55fc0aef4ac82b663ca829b283e0
    # via
    #   lxml-html-clean
    #   readability-lxml
lxml-html-clean==0.4.5 \
    --hash=sha256:c76fcadd1e5bfb9b8bafc2200d51e4e78eb0dad67f56881c21dfb6484c7e7746 \
    --hash=sha256:e2a4c7d5beedd17cd7b484d848a0571e54baa239a4f9df5546e3acba7f990560
    # via lxml
pyyaml==6.0.3 \
    --hash=sha256:00c4bdeba853cc34e7dd471f16b4114f4162dc03e6b7afcc2128711f0eca823c \
    --hash=sha256:02893d100e99e03eda1c8fd5c441d8c60103fd175728e23e431db1b589cf5ab3 \
    --hash=sha256:0f29edc409a6392443abf94b9cf89ce99889a1dd5376d94316ae5145dfedd5d6 \
    --hash=sha256:16249ee61e95f858e83976573de0f5b2893b3677ba71c9dd36b9cf8be9ac6d65 \
    --hash=sha256:2283a07e2c21a2aa78d9c4442724ec1eb15f5e42a723b99cb3d822d48f5f7ad1 \
    --hash=sha256:34d5fcd24b8445fadc33f9cf348c1047101756fd760b4dacb5c3e99755703310 \
    --hash=sha256:41715c910c881bc081f1e8872880d3c650acf13dfa8214bad49ed4cede7c34ea \
    --hash=sha256:4a2e8cebe2ff6ab7d1050ecd59c25d4c8bd7e6f400f5f82b96557ac0abafd0ac \
    --hash=sha256:4ad1906908f2f5ae4e5a8ddfce73c320c2a1429ec52eafd27138b7f1cbe341c9 \
    --hash=sha256:501a031947e3a9025ed4405a168e6ef5ae3126c59f90ce0cd6f2bfc477be31b7 \
    --hash=sha256:5190d403f121660ce8d1d2c1bb2ef1bd05b5f68533fc5c2ea899bd15f4399b35 \
    --hash=sha256:5498cd1645aa724a7c71c8f378eb29ebe23da2fc0d7a08071d89469bf1d2defb \
    --hash=sha256:5fcd34e47f6e0b794d17de1b4ff496c00986e1c83f7ab2fb8fcfe9616ff7477b \
    --hash=sha256:5fdec68f91a0c6739b380c83b951e2c72ac0197ace422360e6d5a959d8d97b2c \
    --hash=sha256:64386e5e707d03a7e172c0701abfb7e10f0fb753ee1d773128192742712a98fd \
    --hash=sha256:66e1674c3ef6f541c35191caae2d429b967b99e02040f5ba928632d9a7f0f065 \
    --hash=sha256:6adc77889b628398debc7b65c073bcb99c4a0237b248cacaf3fe8a557563ef6c \
    --hash=sha256:79005a0d97d5ddabfeeea4cf676af11e647e41d81c9a7722a193022accdb6b7c \
    --hash=sha256:7c6610def4f163542a622a73fb39f534f8c101d690126992300bf3207eab9764 \
    --hash=sha256:7f047e29dcae44602496db43be01ad42fc6f1cc0d8cd6c83d342306c32270196 \
    --hash=sha256:8d1fab6bb153a416f9aeb4b8763bc0f22a5586065f86f7664fc23339fc1c1fac \
    --hash=sha256:8da9669d359f02c0b91ccc01cac4a67f16afec0dac22c2ad09f46bee0697eba8 \
    --hash=sha256:8dc52c23056b9ddd46818a57b78404882310fb473d63f17b07d5c40421e47f8e \
    --hash=sha256:9149cad251584d5fb4981be1ecde53a1ca46c891a79788c0df828d2f166bda28 \
    --hash=sha256:93dda82c9c22deb0a405ea4dc5f2d0cda384168e466364dec6255b293923b2f3 \
    --hash=sha256:96b533f0e99f6579b3d4d4995707cf36df9100d67e0c8303a0c55b27b5f99bc5 \
    --hash=sha256:a33284e20b78bd4a18c8c2282d549d10bc8408a2a7ff57653c0cf0b9be0afce5 \
    --hash=sha256:a80cb027f6b349846a3bf6d73b5e95e782175e52f22108cfa17876aaeff93702 \
    --hash=sha256:b3bc83488de33889877a0f2543ade9f70c67d66d9ebb4ac959502e12de895788 \
    --hash=sha256:ba1cc08a7ccde2d2ec775841541641e4548226580ab850948cbfda66a1befcdc \
    --hash=sha256:c1ff362665ae507275af2853520967820d9124984e0f7466736aea23d8611fba \
    --hash=sha256:c458b6d084f9b935061bc36216e8a69a7e293a2f1e68bf956dcd9e6cbcd143f5 \
    --hash=sha256:d0eae10f8159e8fdad514efdc92d74fd8d682c933a6dd088030f3834bc8e6b26 \
    --hash=sha256:d76623373421df22fb4cf8817020cbb7ef15c725b9d5e45f17e189bfc384190f \
    --hash=sha256:ebc55a14a21cb14062aa4162f906cd962b28e2e9ea38f9b4391244cd8de4ae0b \
    --hash=sha256:eda16858a3cab07b80edaf74336ece1f986ba330fdb8ee0d6c0d68fe82bc96be \
    --hash=sha256:ee2922902c45ae8ccada2c5b501ab86c36525b883eff4255313a253a3160861c \
    --hash=sha256:f7057c9a337546edc7973c0d3ba84ddcdf0daa14533c2065749c9075001090e6 \
    --hash=sha256:fc09d0aa354569bc501d4e787133afc08552722d3ab34836a80547331bb5d4a0
    # via ai-topics-pi
readability-lxml==0.8.4.1 \
    --hash=sha256:874c0cea22c3bf2b78c7f8df831bfaad3c0a89b7301d45a188db581652b4b465 \
    --hash=sha256:9d2924f5942dd7f37fb4da353263b22a3e877ccf922d0e45e348e4177b035a53
    # via ai-topics-pi
requests==2.32.5 \
    --hash=sha256:2462f94637a34fd532264295e186976db0f5d453d1cdd31473c85a6a161affb6 \
    --hash=sha256:dbba0bac56e100853db0ea71b82b4dfd5fe2bf6d3754a8893c3af500cec7d7cf
    # via ai-topics-pi
soupsieve==2.10 \
    --hash=sha256:49e9380d7d2905463583bafe285e818c7366a9ed7b3aee221c1ac79c905d8bc0 \
    --hash=sha256:8596eb8967d744174820280fa62b4542a2e955bfaccca73ed8a13c6eb8e9b502
    # via beautifulsoup4
typing-extensions==4.16.0 \
    --hash=sha256:481caa481374e813c1b176ada14e97f1f67a4539ce9cfeb3f350d78d6370c2e8 \
    --hash=sha256:dc983d19a509c94dba722ee6abd33940f7c05a89e243c47e907eb4db6f1a43e5
    # via
    #   anyio
    #   beautifulsoup4
urllib3==2.8.0 \
    --hash=sha256:0cf3cae568d36aa9576b28dfb35f11328f1cb974ca7647d9475ebb86c75ac6e3 \
    --hash=sha256:63bf2ead4c879426ebf22ef2a781eeb4aa3b4ae798a0435506f8687fd5bb9b63
    # via requests
